
Microsoft Visual Studio Solution File, Format Version 12.00
# Visual Studio Version 16
VisualStudioVersion = 16.0.29102.190
MinimumVisualStudioVersion = 10.0.40219.1
Project("{9A19103F-16F7-4668-BE54-9A1E7A4F7556}") = "Assessment", "Assessment\Assessment.csproj", "{D22DCBF7-6F80-4278-A8BE-C2C340A09BD9}"
EndProject
Global
	GlobalSection(SolutionConfigurationPlatforms) = preSolution
		Debug|Any CPU = Debug|Any CPU
		Release|Any CPU = Release|Any CPU
	EndGlobalSection
	GlobalSection(ProjectConfigurationPlatforms) = postSolution
		{D22DCBF7-6F80-4278-A8BE-C2C340A09BD9}.Debug|Any CPU.ActiveCfg = Debug|Any CPU
		{D22DCBF7-6F80-4278-A8BE-C2C340A09BD9}.Debug|Any CPU.Build.0 = Debug|Any CPU
		{D22DCBF7-6F80-4278-A8BE-C2C340A09BD9}.Release|Any CPU.ActiveCfg = Release|Any CPU
		{D22DCBF7-6F80-4278-A8BE-C2C340A09BD9}.Release|Any CPU.Build.0 = Release|Any CPU
	EndGlobalSection
	GlobalSection(SolutionProperties) = preSolution
		HideSolutionNode = FALSE
	EndGlobalSection
	GlobalSection(ExtensibilityGlobals) = postSolution
		SolutionGuid = {02EC1171-B2A3-434D-9CA8-8D893BE5B914}
	EndGlobalSection
EndGlobal
